
Microsoft Visual Studio Solution File, Format Version 12.00
# Visual Studio Version 17
VisualStudioVersion = 17.4.33213.308
MinimumVisualStudioVersion = 10.0.40219.1
Project("{9A19103F-16F7-4668-BE54-9A1E7A4F7556}") = "TinyFontBuilder", "TinyFontBuilder\TinyFontBuilder.csproj", "{EA30CF80-CB40-4AF1-9E54-2C7CA6E73356}"
EndProject
Project("{9A19103F-16F7-4668-BE54-9A1E7A4F7556}") = "TFConvert", "TFConvert\TFConvert.csproj", "{F523E4B9-9E1F-4FC8-A23B-ACD97AE72C66}"
EndProject
Project("{9A19103F-16F7-4668-BE54-9A1E7A4F7556}") = "TerkaFont Builder", "TerkaFont Builder\TerkaFont Builder.csproj", "{1DA137C9-766B-4522-ABCC-59E81E0B6379}"
EndProject
Project("{FAE04EC0-301F-11D3-BF4B-00C04F79EFBC}") = "TerkaFont Builder.Tests.Integration", "TerkaFont Builder.Tests.Integration\TerkaFont Builder.Tests.Integration.csproj", "{937582E3-7E82-4EE3-A9D1-4D5A183A44C8}"
EndProject
Project("{FAE04EC0-301F-11D3-BF4B-00C04F79EFBC}") = "TerkaFont Builder.Tests.Unit", "TerkaFont Builder.Tests.Unit\TerkaFont Builder.Tests.Unit.csproj", "{5D5998A8-2DE7-446C-856C-DCE50570C0BB}"
EndProject
Global
	GlobalSection(SolutionConfigurationPlatforms) = preSolution
		Debug|Any CPU = Debug|Any CPU
		Release|Any CPU = Release|Any CPU
	EndGlobalSection
	GlobalSection(ProjectConfigurationPlatforms) = postSolution
		{EA30CF80-CB40-4AF1-9E54-2C7CA6E73356}.Debug|Any CPU.ActiveCfg = Debug|Any CPU
		{EA30CF80-CB40-4AF1-9E54-2C7CA6E73356}.Debug|Any CPU.Build.0 = Debug|Any CPU
		{EA30CF80-CB40-4AF1-9E54-2C7CA6E73356}.Release|Any CPU.ActiveCfg = Release|Any CPU
		{EA30CF80-CB40-4AF1-9E54-2C7CA6E73356}.Release|Any CPU.Build.0 = Release|Any CPU
		{F523E4B9-9E1F-4FC8-A23B-ACD97AE72C66}.Debug|Any CPU.ActiveCfg = Debug|Any CPU
		{F523E4B9-9E1F-4FC8-A23B-ACD97AE72C66}.Debug|Any CPU.Build.0 = Debug|Any CPU
		{F523E4B9-9E1F-4FC8-A23B-ACD97AE72C66}.Release|Any CPU.ActiveCfg = Release|Any CPU
		{F523E4B9-9E1F-4FC8-A23B-ACD97AE72C66}.Release|Any CPU.Build.0 = Release|Any CPU
		{1DA137C9-766B-4522-ABCC-59E81E0B6379}.Debug|Any CPU.ActiveCfg = Debug|Any CPU
		{1DA137C9-766B-4522-ABCC-59E81E0B6379}.Debug|Any CPU.Build.0 = Debug|Any CPU
		{1DA137C9-766B-4522-ABCC-59E81E0B6379}.Release|Any CPU.ActiveCfg = Release|Any CPU
		{1DA137C9-766B-4522-ABCC-59E81E0B6379}.Release|Any CPU.Build.0 = Release|Any CPU
		{937582E3-7E82-4EE3-A9D1-4D5A183A44C8}.Debug|Any CPU.ActiveCfg = Debug|Any CPU
		{937582E3-7E82-4EE3-A9D1-4D5A183A44C8}.Debug|Any CPU.Build.0 = Debug|Any CPU
		{937582E3-7E82-4EE3-A9D1-4D5A183A44C8}.Release|Any CPU.ActiveCfg = Release|Any CPU
		{937582E3-7E82-4EE3-A9D1-4D5A183A44C8}.Release|Any CPU.Build.0 = Release|Any CPU
		{5D5998A8-2DE7-446C-856C-DCE50570C0BB}.Debug|Any CPU.ActiveCfg = Debug|Any CPU
		{5D5998A8-2DE7-446C-856C-DCE50570C0BB}.Debug|Any CPU.Build.0 = Debug|Any CPU
		{5D5998A8-2DE7-446C-856C-DCE50570C0BB}.Release|Any CPU.ActiveCfg = Release|Any CPU
		{5D5998A8-2DE7-446C-856C-DCE50570C0BB}.Release|Any CPU.Build.0 = Release|Any CPU
	EndGlobalSection
	GlobalSection(SolutionProperties) = preSolution
		HideSolutionNode = FALSE
	EndGlobalSection
	GlobalSection(ExtensibilityGlobals) = postSolution
		SolutionGuid = {59FA247D-A008-47F8-A34E-F8EA3B6076DA}
	EndGlobalSection
EndGlobal
